// !$*UTF8*$!
{
	archiveVersion = 1;
	classes = {
	};
	objectVersion = 55;
	objects = {

/* Begin PBXBuildFile section */
		6F05CCF227BE826500C9F519 /* PMSApp.swift in Sources */ = {isa = PBXBuildFile; fileRef = 6F05CCF127BE826500C9F519 /* PMSApp.swift */; };
		6F05CCF427BE826500C9F519 /* ContentView.swift in Sources */ = {isa = PBXBuildFile; fileRef = 6F05CCF327BE826500C9F519 /* ContentView.swift */; };
		6F05CCF627BE826600C9F519 /* Assets.xcassets in Resources */ = {isa = PBXBuildFile; fileRef = 6F05CCF527BE826600C9F519 /* Assets.xcassets */; };
		6F05CCF927BE826600C9F519 /* Preview Assets.xcassets in Resources */ = {isa = PBXBuildFile; fileRef = 6F05CCF827BE826600C9F519 /* Preview Assets.xcassets */; };
		6F05CD0327BE826600C9F519 /* PMSTests.swift in Sources */ = {isa = PBXBuildFile; fileRef = 6F05CD0227BE826600C9F519 /* PMSTests.swift */; };
		6F05CD0D27BE826600C9F519 /* PMSUITests.swift in Sources */ = {isa = PBXBuildFile; fileRef = 6F05CD0C27BE826600C9F519 /* PMSUITests.swift */; };
		6F05CD0F27BE826600C9F519 /* PMSUITestsLaunchTests.swift in Sources */ = {isa = PBXBuildFile; fileRef = 6F05CD0E27BE826600C9F519 /* PMSUITestsLaunchTests.swift */; };
		6FA6B95627C292FD000F2D21 /* FirebaseFirestore in Frameworks */ = {isa = PBXBuildFile; productRef = 6FA6B95527C292FD000F2D21 /* FirebaseFirestore */; };
		6FA6B95827C292FD000F2D21 /* FirebaseFirestoreSwift-Beta in Frameworks */ = {isa = PBXBuildFile; productRef = 6FA6B95727C292FD000F2D21 /* FirebaseFirestoreSwift-Beta */; };
		6FC10FB827C2AEDC006CA8A9 /* Ingredient.swift in Sources */ = {isa = PBXBuildFile; fileRef = 6FF6BF4527C2949A002E77B5 /* Ingredient.swift */; };
		6FC10FB927C2AEDD006CA8A9 /* Ingredient.swift in Sources */ = {isa = PBXBuildFile; fileRef = 6FF6BF4527C2949A002E77B5 /* Ingredient.swift */; };
		6FC10FBA27C2AF37006CA8A9 /* PMSApp.swift in Sources */ = {isa = PBXBuildFile; fileRef = 6F05CCF127BE826500C9F519 /* PMSApp.swift */; };
		6FC10FBB27C2AF38006CA8A9 /* PMSApp.swift in Sources */ = {isa = PBXBuildFile; fileRef = 6F05CCF127BE826500C9F519 /* PMSApp.swift */; };
		6FC10FBF27C4CE0B006CA8A9 /* StageDTO.swift in Sources */ = {isa = PBXBuildFile; fileRef = 6FC10FBE27C4CE0B006CA8A9 /* StageDTO.swift */; };
		6FD7A8B627C2A9DF0042CE8D /* GoogleService-Info.plist in Resources */ = {isa = PBXBuildFile; fileRef = 6FD7A8B527C2A9DF0042CE8D /* GoogleService-Info.plist */; };
		6FF6BF4327C2945E002E77B5 /* IngredientsVM.swift in Sources */ = {isa = PBXBuildFile; fileRef = 6FF6BF4227C2945E002E77B5 /* IngredientsVM.swift */; };
		6FF6BF4627C2949A002E77B5 /* Ingredient.swift in Sources */ = {isa = PBXBuildFile; fileRef = 6FF6BF4527C2949A002E77B5 /* Ingredient.swift */; };
		6FF6BF4A27C296A1002E77B5 /* IngredientDAO.swift in Sources */ = {isa = PBXBuildFile; fileRef = 6FF6BF4927C296A1002E77B5 /* IngredientDAO.swift */; };
/* End PBXBuildFile section */

/* Begin PBXContainerItemProxy section */
		6F05CCFF27BE826600C9F519 /* PBXContainerItemProxy */ = {
			isa = PBXContainerItemProxy;
			containerPortal = 6F05CCE627BE826500C9F519 /* Project object */;
			proxyType = 1;
			remoteGlobalIDString = 6F05CCED27BE826500C9F519;
			remoteInfo = PMS;
		};
		6F05CD0927BE826600C9F519 /* PBXContainerItemProxy */ = {
			isa = PBXContainerItemProxy;
			containerPortal = 6F05CCE627BE826500C9F519 /* Project object */;
			proxyType = 1;
			remoteGlobalIDString = 6F05CCED27BE826500C9F519;
			remoteInfo = PMS;
		};
/* End PBXContainerItemProxy section */

/* Begin PBXFileReference section */
		6F05CCEE27BE826500C9F519 /* PMS.app */ = {isa = PBXFileReference; explicitFileType = wrapper.application; includeInIndex = 0; path = PMS.app; sourceTree = BUILT_PRODUCTS_DIR; };
		6F05CCF127BE826500C9F519 /* PMSApp.swift */ = {isa = PBXFileReference; lastKnownFileType = sourcecode.swift; path = PMSApp.swift; sourceTree = "<group>"; };
		6F05CCF327BE826500C9F519 /* ContentView.swift */ = {isa = PBXFileReference; lastKnownFileType = sourcecode.swift; path = ContentView.swift; sourceTree = "<group>"; };
		6F05CCF527BE826600C9F519 /* Assets.xcassets */ = {isa = PBXFileReference; lastKnownFileType = folder.assetcatalog; path = Assets.xcassets; sourceTree = "<group>"; };
		6F05CCF827BE826600C9F519 /* Preview Assets.xcassets */ = {isa = PBXFileReference; lastKnownFileType = folder.assetcatalog; path = "Preview Assets.xcassets"; sourceTree = "<group>"; };
		6F05CCFE27BE826600C9F519 /* PMSTests.xctest */ = {isa = PBXFileReference; explicitFileType = wrapper.cfbundle; includeInIndex = 0; path = PMSTests.xctest; sourceTree = BUILT_PRODUCTS_DIR; };
		6F05CD0227BE826600C9F519 /* PMSTests.swift */ = {isa = PBXFileReference; lastKnownFileType = sourcecode.swift; path = PMSTests.swift; sourceTree = "<group>"; };
		6F05CD0827BE826600C9F519 /* PMSUITests.xctest */ = {isa = PBXFileReference; explicitFileType = wrapper.cfbundle; includeInIndex = 0; path = PMSUITests.xctest; sourceTree = BUILT_PRODUCTS_DIR; };
		6F05CD0C27BE826600C9F519 /* PMSUITests.swift */ = {isa = PBXFileReference; lastKnownFileType = sourcecode.swift; path = PMSUITests.swift; sourceTree = "<group>"; };
		6F05CD0E27BE826600C9F519 /* PMSUITestsLaunchTests.swift */ = {isa = PBXFileReference; lastKnownFileType = sourcecode.swift; path = PMSUITestsLaunchTests.swift; sourceTree = "<group>"; };
		6FC10FBE27C4CE0B006CA8A9 /* StageDTO.swift */ = {isa = PBXFileReference; lastKnownFileType = sourcecode.swift; path = StageDTO.swift; sourceTree = "<group>"; };
		6FD7A8B527C2A9DF0042CE8D /* GoogleService-Info.plist */ = {isa = PBXFileReference; fileEncoding = 4; lastKnownFileType = text.plist.xml; path = "GoogleService-Info.plist"; sourceTree = "<group>"; };
		6FF6BF4227C2945E002E77B5 /* IngredientsVM.swift */ = {isa = PBXFileReference; lastKnownFileType = sourcecode.swift; path = IngredientsVM.swift; sourceTree = "<group>"; };
		6FF6BF4527C2949A002E77B5 /* Ingredient.swift */ = {isa = PBXFileReference; lastKnownFileType = sourcecode.swift; path = Ingredient.swift; sourceTree = "<group>"; };
		6FF6BF4927C296A1002E77B5 /* IngredientDAO.swift */ = {isa = PBXFileReference; lastKnownFileType = sourcecode.swift; path = IngredientDAO.swift; sourceTree = "<group>"; };
/* End PBXFileReference section */

/* Begin PBXFrameworksBuildPhase section */
		6F05CCEB27BE826500C9F519 /* Frameworks */ = {
			isa = PBXFrameworksBuildPhase;
			buildActionMask = 2147483647;
			files = (
				6FA6B95627C292FD000F2D21 /* FirebaseFirestore in Frameworks */,
				6FA6B95827C292FD000F2D21 /* FirebaseFirestoreSwift-Beta in Frameworks */,
			);
			runOnlyForDeploymentPostprocessing = 0;
		};
		6F05CCFB27BE826600C9F519 /* Frameworks */ = {
			isa = PBXFrameworksBuildPhase;
			buildActionMask = 2147483647;
			files = (
			);
			runOnlyForDeploymentPostprocessing = 0;
		};
		6F05CD0527BE826600C9F519 /* Frameworks */ = {
			isa = PBXFrameworksBuildPhase;
			buildActionMask = 2147483647;
			files = (
			);
			runOnlyForDeploymentPostprocessing = 0;
		};
/* End PBXFrameworksBuildPhase section */

/* Begin PBXGroup section */
		6F05CCE527BE826500C9F519 = {
			isa = PBXGroup;
			children = (
				6F05CCF027BE826500C9F519 /* PMS */,
				6F05CD0127BE826600C9F519 /* PMSTests */,
				6F05CD0B27BE826600C9F519 /* PMSUITests */,
				6F05CCEF27BE826500C9F519 /* Products */,
			);
			sourceTree = "<group>";
		};
		6F05CCEF27BE826500C9F519 /* Products */ = {
			isa = PBXGroup;
			children = (
				6F05CCEE27BE826500C9F519 /* PMS.app */,
				6F05CCFE27BE826600C9F519 /* PMSTests.xctest */,
				6F05CD0827BE826600C9F519 /* PMSUITests.xctest */,
			);
			name = Products;
			sourceTree = "<group>";
		};
		6F05CCF027BE826500C9F519 /* PMS */ = {
			isa = PBXGroup;
			children = (
				6FD7A8B527C2A9DF0042CE8D /* GoogleService-Info.plist */,
				6FF6BF4727C29684002E77B5 /* Helpers */,
				6FF6BF4427C29491002E77B5 /* Models */,
				6FF6BF4127C29445002E77B5 /* ViewModels */,
				6F05CCF127BE826500C9F519 /* PMSApp.swift */,
				6F05CCF327BE826500C9F519 /* ContentView.swift */,
				6F05CCF527BE826600C9F519 /* Assets.xcassets */,
				6F05CCF727BE826600C9F519 /* Preview Content */,
			);
			path = PMS;
			sourceTree = "<group>";
		};
		6F05CCF727BE826600C9F519 /* Preview Content */ = {
			isa = PBXGroup;
			children = (
				6F05CCF827BE826600C9F519 /* Preview Assets.xcassets */,
			);
			path = "Preview Content";
			sourceTree = "<group>";
		};
		6F05CD0127BE826600C9F519 /* PMSTests */ = {
			isa = PBXGroup;
			children = (
				6F05CD0227BE826600C9F519 /* PMSTests.swift */,
			);
			path = PMSTests;
			sourceTree = "<group>";
		};
		6F05CD0B27BE826600C9F519 /* PMSUITests */ = {
			isa = PBXGroup;
			children = (
				6F05CD0C27BE826600C9F519 /* PMSUITests.swift */,
				6F05CD0E27BE826600C9F519 /* PMSUITestsLaunchTests.swift */,
			);
			path = PMSUITests;
			sourceTree = "<group>";
		};
		6FF6BF4127C29445002E77B5 /* ViewModels */ = {
			isa = PBXGroup;
			children = (
				6FF6BF4227C2945E002E77B5 /* IngredientsVM.swift */,
			);
			path = ViewModels;
			sourceTree = "<group>";
		};
		6FF6BF4427C29491002E77B5 /* Models */ = {
			isa = PBXGroup;
			children = (
				6FF6BF4527C2949A002E77B5 /* Ingredient.swift */,
				6FC10FBE27C4CE0B006CA8A9 /* StageDTO.swift */,
			);
			path = Models;
			sourceTree = "<group>";
		};
		6FF6BF4727C29684002E77B5 /* Helpers */ = {
			isa = PBXGroup;
			children = (
				6FF6BF4827C2968C002E77B5 /* ModelsDAO */,
			);
			path = Helpers;
			sourceTree = "<group>";
		};
		6FF6BF4827C2968C002E77B5 /* ModelsDAO */ = {
			isa = PBXGroup;
			children = (
				6FF6BF4927C296A1002E77B5 /* IngredientDAO.swift */,
			);
			path = ModelsDAO;
			sourceTree = "<group>";
		};
/* End PBXGroup section */

/* Begin PBXNativeTarget section */
		6F05CCED27BE826500C9F519 /* PMS */ = {
			isa = PBXNativeTarget;
			buildConfigurationList = 6F05CD1227BE826600C9F519 /* Build configuration list for PBXNativeTarget "PMS" */;
			buildPhases = (
				6F05CCEA27BE826500C9F519 /* Sources */,
				6F05CCEB27BE826500C9F519 /* Frameworks */,
				6F05CCEC27BE826500C9F519 /* Resources */,
			);
			buildRules = (
			);
			dependencies = (
			);
			name = PMS;
			packageProductDependencies = (
				6FA6B95527C292FD000F2D21 /* FirebaseFirestore */,
				6FA6B95727C292FD000F2D21 /* FirebaseFirestoreSwift-Beta */,
			);
			productName = PMS;
			productReference = 6F05CCEE27BE826500C9F519 /* PMS.app */;
			productType = "com.apple.product-type.application";
		};
		6F05CCFD27BE826600C9F519 /* PMSTests */ = {
			isa = PBXNativeTarget;
			buildConfigurationList = 6F05CD1527BE826600C9F519 /* Build configuration list for PBXNativeTarget "PMSTests" */;
			buildPhases = (
				6F05CCFA27BE826600C9F519 /* Sources */,
				6F05CCFB27BE826600C9F519 /* Frameworks */,
				6F05CCFC27BE826600C9F519 /* Resources */,
			);
			buildRules = (
			);
			dependencies = (
				6F05CD0027BE826600C9F519 /* PBXTargetDependency */,
			);
			name = PMSTests;
			productName = PMSTests;
			productReference = 6F05CCFE27BE826600C9F519 /* PMSTests.xctest */;
			productType = "com.apple.product-type.bundle.unit-test";
		};
		6F05CD0727BE826600C9F519 /* PMSUITests */ = {
			isa = PBXNativeTarget;
			buildConfigurationList = 6F05CD1827BE826600C9F519 /* Build configuration list for PBXNativeTarget "PMSUITests" */;
			buildPhases = (
				6F05CD0427BE826600C9F519 /* Sources */,
				6F05CD0527BE826600C9F519 /* Frameworks */,
				6F05CD0627BE826600C9F519 /* Resources */,
			);
			buildRules = (
			);
			dependencies = (
				6F05CD0A27BE826600C9F519 /* PBXTargetDependency */,
			);
			name = PMSUITests;
			productName = PMSUITests;
			productReference = 6F05CD0827BE826600C9F519 /* PMSUITests.xctest */;
			productType = "com.apple.product-type.bundle.ui-testing";
		};
/* End PBXNativeTarget section */

/* Begin PBXProject section */
		6F05CCE627BE826500C9F519 /* Project object */ = {
			isa = PBXProject;
			attributes = {
				BuildIndependentTargetsInParallel = 1;
				LastSwiftUpdateCheck = 1310;
				LastUpgradeCheck = 1310;
				ORGANIZATIONNAME = "	";
				TargetAttributes = {
					6F05CCED27BE826500C9F519 = {
						CreatedOnToolsVersion = 13.1;
					};
					6F05CCFD27BE826600C9F519 = {
						CreatedOnToolsVersion = 13.1;
						TestTargetID = 6F05CCED27BE826500C9F519;
					};
					6F05CD0727BE826600C9F519 = {
						CreatedOnToolsVersion = 13.1;
						TestTargetID = 6F05CCED27BE826500C9F519;
					};
				};
			};
			buildConfigurationList = 6F05CCE927BE826500C9F519 /* Build configuration list for PBXProject "PMS" */;
			compatibilityVersion = "Xcode 13.0";
			developmentRegion = en;
			hasScannedForEncodings = 0;
			knownRegions = (
				en,
				Base,
			);
			mainGroup = 6F05CCE527BE826500C9F519;
			packageReferences = (
				6FA6B95427C292FD000F2D21 /* XCRemoteSwiftPackageReference "firebase-ios-sdk" */,
			);
			productRefGroup = 6F05CCEF27BE826500C9F519 /* Products */;
			projectDirPath = "";
			projectRoot = "";
			targets = (
				6F05CCED27BE826500C9F519 /* PMS */,
				6F05CCFD27BE826600C9F519 /* PMSTests */,
				6F05CD0727BE826600C9F519 /* PMSUITests */,
			);
		};
/* End PBXProject section */

/* Begin PBXResourcesBuildPhase section */
		6F05CCEC27BE826500C9F519 /* Resources */ = {
			isa = PBXResourcesBuildPhase;
			buildActionMask = 2147483647;
			files = (
				6F05CCF927BE826600C9F519 /* Preview Assets.xcassets in Resources */,
				6F05CCF627BE826600C9F519 /* Assets.xcassets in Resources */,
				6FD7A8B627C2A9DF0042CE8D /* GoogleService-Info.plist in Resources */,
			);
			runOnlyForDeploymentPostprocessing = 0;
		};
		6F05CCFC27BE826600C9F519 /* Resources */ = {
			isa = PBXResourcesBuildPhase;
			buildActionMask = 2147483647;
			files = (
			);
			runOnlyForDeploymentPostprocessing = 0;
		};
		6F05CD0627BE826600C9F519 /* Resources */ = {
			isa = PBXResourcesBuildPhase;
			buildActionMask = 2147483647;
			files = (
			);
			runOnlyForDeploymentPostprocessing = 0;
		};
/* End PBXResourcesBuildPhase section */

/* Begin PBXSourcesBuildPhase section */
		6F05CCEA27BE826500C9F519 /* Sources */ = {
			isa = PBXSourcesBuildPhase;
			buildActionMask = 2147483647;
			files = (
				6FF6BF4627C2949A002E77B5 /* Ingredient.swift in Sources */,
				6FF6BF4A27C296A1002E77B5 /* IngredientDAO.swift in Sources */,
				6FC10FBF27C4CE0B006CA8A9 /* StageDTO.swift in Sources */,
				6FF6BF4327C2945E002E77B5 /* IngredientsVM.swift in Sources */,
				6F05CCF427BE826500C9F519 /* ContentView.swift in Sources */,
				6F05CCF227BE826500C9F519 /* PMSApp.swift in Sources */,
			);
			runOnlyForDeploymentPostprocessing = 0;
		};
		6F05CCFA27BE826600C9F519 /* Sources */ = {
			isa = PBXSourcesBuildPhase;
			buildActionMask = 2147483647;
			files = (
				6FC10FB827C2AEDC006CA8A9 /* Ingredient.swift in Sources */,
				6FC10FBA27C2AF37006CA8A9 /* PMSApp.swift in Sources */,
				6F05CD0327BE826600C9F519 /* PMSTests.swift in Sources */,
			);
			runOnlyForDeploymentPostprocessing = 0;
		};
		6F05CD0427BE826600C9F519 /* Sources */ = {
			isa = PBXSourcesBuildPhase;
			buildActionMask = 2147483647;
			files = (
				6FC10FBB27C2AF38006CA8A9 /* PMSApp.swift in Sources */,
				6F05CD0D27BE826600C9F519 /* PMSUITests.swift in Sources */,
				6F05CD0F27BE826600C9F519 /* PMSUITestsLaunchTests.swift in Sources */,
				6FC10FB927C2AEDD006CA8A9 /* Ingredient.swift in Sources */,
			);
			runOnlyForDeploymentPostprocessing = 0;
		};
/* End PBXSourcesBuildPhase section */

/* Begin PBXTargetDependency section */
		6F05CD0027BE826600C9F519 /* PBXTargetDependency */ = {
			isa = PBXTargetDependency;
			target = 6F05CCED27BE826500C9F519 /* PMS */;
			targetProxy = 6F05CCFF27BE826600C9F519 /* PBXContainerItemProxy */;
		};
		6F05CD0A27BE826600C9F519 /* PBXTargetDependency */ = {
			isa = PBXTargetDependency;
			target = 6F05CCED27BE826500C9F519 /* PMS */;
			targetProxy = 6F05CD0927BE826600C9F519 /* PBXContainerItemProxy */;
		};
/* End PBXTargetDependency section */

/* Begin XCBuildConfiguration section */
		6F05CD1027BE826600C9F519 /* Debug */ = {
			isa = XCBuildConfiguration;
			buildSettings = {
				ALWAYS_SEARCH_USER_PATHS = NO;
				CLANG_ANALYZER_NONNULL = YES;
				CLANG_ANALYZER_NUMBER_OBJECT_CONVERSION = YES_AGGRESSIVE;
				CLANG_CXX_LANGUAGE_STANDARD = "gnu++17";
				CLANG_CXX_LIBRARY = "libc++";
				CLANG_ENABLE_MODULES = YES;
				CLANG_ENABLE_OBJC_ARC = YES;
				CLANG_ENABLE_OBJC_WEAK = YES;
				CLANG_WARN_BLOCK_CAPTURE_AUTORELEASING = YES;
				CLANG_WARN_BOOL_CONVERSION = YES;
				CLANG_WARN_COMMA = YES;
				CLANG_WARN_CONSTANT_CONVERSION = YES;
				CLANG_WARN_DEPRECATED_OBJC_IMPLEMENTATIONS = YES;
				CLANG_WARN_DIRECT_OBJC_ISA_USAGE = YES_ERROR;
				CLANG_WARN_DOCUMENTATION_COMMENTS = YES;
				CLANG_WARN_EMPTY_BODY = YES;
				CLANG_WARN_ENUM_CONVERSION = YES;
				CLANG_WARN_INFINITE_RECURSION = YES;
				CLANG_WARN_INT_CONVERSION = YES;
				CLANG_WARN_NON_LITERAL_NULL_CONVERSION = YES;
				CLANG_WARN_OBJC_IMPLICIT_RETAIN_SELF = YES;
				CLANG_WARN_OBJC_LITERAL_CONVERSION = YES;
				CLANG_WARN_OBJC_ROOT_CLASS = YES_ERROR;
				CLANG_WARN_QUOTED_INCLUDE_IN_FRAMEWORK_HEADER = YES;
				CLANG_WARN_RANGE_LOOP_ANALYSIS = YES;
				CLANG_WARN_STRICT_PROTOTYPES = YES;
				CLANG_WARN_SUSPICIOUS_MOVE = YES;
				CLANG_WARN_UNGUARDED_AVAILABILITY = YES_AGGRESSIVE;
				CLANG_WARN_UNREACHABLE_CODE = YES;
				CLANG_WARN__DUPLICATE_METHOD_MATCH = YES;
				COPY_PHASE_STRIP = NO;
				DEBUG_INFORMATION_FORMAT = dwarf;
				ENABLE_STRICT_OBJC_MSGSEND = YES;
				ENABLE_TESTABILITY = YES;
				GCC_C_LANGUAGE_STANDARD = gnu11;
				GCC_DYNAMIC_NO_PIC = NO;
				GCC_NO_COMMON_BLOCKS = YES;
				GCC_OPTIMIZATION_LEVEL = 0;
				GCC_PREPROCESSOR_DEFINITIONS = (
					"DEBUG=1",
					"$(inherited)",
				);
				GCC_WARN_64_TO_32_BIT_CONVERSION = YES;
				GCC_WARN_ABOUT_RETURN_TYPE = YES_ERROR;
				GCC_WARN_UNDECLARED_SELECTOR = YES;
				GCC_WARN_UNINITIALIZED_AUTOS = YES_AGGRESSIVE;
				GCC_WARN_UNUSED_FUNCTION = YES;
				GCC_WARN_UNUSED_VARIABLE = YES;
				IPHONEOS_DEPLOYMENT_TARGET = 15.0;
				MTL_ENABLE_DEBUG_INFO = INCLUDE_SOURCE;
				MTL_FAST_MATH = YES;
				ONLY_ACTIVE_ARCH = YES;
				SDKROOT = iphoneos;
				SWIFT_ACTIVE_COMPILATION_CONDITIONS = DEBUG;
				SWIFT_OPTIMIZATION_LEVEL = "-Onone";
			};
			name = Debug;
		};
		6F05CD1127BE826600C9F519 /* Release */ = {
			isa = XCBuildConfiguration;
			buildSettings = {
				ALWAYS_SEARCH_USER_PATHS = NO;
				CLANG_ANALYZER_NONNULL = YES;
				CLANG_ANALYZER_NUMBER_OBJECT_CONVERSION = YES_AGGRESSIVE;
				CLANG_CXX_LANGUAGE_STANDARD = "gnu++17";
				CLANG_CXX_LIBRARY = "libc++";
				CLANG_ENABLE_MODULES = YES;
				CLANG_ENABLE_OBJC_ARC = YES;
				CLANG_ENABLE_OBJC_WEAK = YES;
				CLANG_WARN_BLOCK_CAPTURE_AUTORELEASING = YES;
				CLANG_WARN_BOOL_CONVERSION = YES;
				CLANG_WARN_COMMA = YES;
				CLANG_WARN_CONSTANT_CONVERSION = YES;
				CLANG_WARN_DEPRECATED_OBJC_IMPLEMENTATIONS = YES;
				CLANG_WARN_DIRECT_OBJC_ISA_USAGE = YES_ERROR;
				CLANG_WARN_DOCUMENTATION_COMMENTS = YES;
				CLANG_WARN_EMPTY_BODY = YES;
				CLANG_WARN_ENUM_CONVERSION = YES;
				CLANG_WARN_INFINITE_RECURSION = YES;
				CLANG_WARN_INT_CONVERSION = YES;
				CLANG_WARN_NON_LITERAL_NULL_CONVERSION = YES;
				CLANG_WARN_OBJC_IMPLICIT_RETAIN_SELF = YES;
				CLANG_WARN_OBJC_LITERAL_CONVERSION = YES;
				CLANG_WARN_OBJC_ROOT_CLASS = YES_ERROR;
				CLANG_WARN_QUOTED_INCLUDE_IN_FRAMEWORK_HEADER = YES;
				CLANG_WARN_RANGE_LOOP_ANALYSIS = YES;
				CLANG_WARN_STRICT_PROTOTYPES = YES;
				CLANG_WARN_SUSPICIOUS_MOVE = YES;
				CLANG_WARN_UNGUARDED_AVAILABILITY = YES_AGGRESSIVE;
				CLANG_WARN_UNREACHABLE_CODE = YES;
				CLANG_WARN__DUPLICATE_METHOD_MATCH = YES;
				COPY_PHASE_STRIP = NO;
				DEBUG_INFORMATION_FORMAT = "dwarf-with-dsym";
				ENABLE_NS_ASSERTIONS = NO;
				ENABLE_STRICT_OBJC_MSGSEND = YES;
				GCC_C_LANGUAGE_STANDARD = gnu11;
				GCC_NO_COMMON_BLOCKS = YES;
				GCC_WARN_64_TO_32_BIT_CONVERSION = YES;
				GCC_WARN_ABOUT_RETURN_TYPE = YES_ERROR;
				GCC_WARN_UNDECLARED_SELECTOR = YES;
				GCC_WARN_UNINITIALIZED_AUTOS = YES_AGGRESSIVE;
				GCC_WARN_UNUSED_FUNCTION = YES;
				GCC_WARN_UNUSED_VARIABLE = YES;
				IPHONEOS_DEPLOYMENT_TARGET = 15.0;
				MTL_ENABLE_DEBUG_INFO = NO;
				MTL_FAST_MATH = YES;
				SDKROOT = iphoneos;
				SWIFT_COMPILATION_MODE = wholemodule;
				SWIFT_OPTIMIZATION_LEVEL = "-O";
				VALIDATE_PRODUCT = YES;
			};
			name = Release;
		};
		6F05CD1327BE826600C9F519 /* Debug */ = {
			isa = XCBuildConfiguration;
			buildSettings = {
				ASSETCATALOG_COMPILER_APPICON_NAME = AppIcon;
				ASSETCATALOG_COMPILER_GLOBAL_ACCENT_COLOR_NAME = AccentColor;
				CODE_SIGN_IDENTITY = "Apple Development";
				CODE_SIGN_STYLE = Automatic;
				CURRENT_PROJECT_VERSION = 1;
				DEVELOPMENT_ASSET_PATHS = "\"PMS/Preview Content\"";
				DEVELOPMENT_TEAM = PX23DLMKVZ;
				ENABLE_PREVIEWS = YES;
				GENERATE_INFOPLIST_FILE = YES;
				INFOPLIST_KEY_UIApplicationSceneManifest_Generation = YES;
				INFOPLIST_KEY_UIApplicationSupportsIndirectInputEvents = YES;
				INFOPLIST_KEY_UILaunchScreen_Generation = YES;
				INFOPLIST_KEY_UISupportedInterfaceOrientations_iPad = "UIInterfaceOrientationPortrait UIInterfaceOrientationPortraitUpsideDown UIInterfaceOrientationLandscapeLeft UIInterfaceOrientationLandscapeRight";
				INFOPLIST_KEY_UISupportedInterfaceOrientations_iPhone = "UIInterfaceOrientationPortrait UIInterfaceOrientationLandscapeLeft UIInterfaceOrientationLandscapeRight";
				LD_RUNPATH_SEARCH_PATHS = (
					"$(inherited)",
					"@executable_path/Frameworks",
				);
				MARKETING_VERSION = 1.0;
				PRODUCT_BUNDLE_IDENTIFIER = "PolytechIG4-FLAGEUL-DAVILA.PMS";
				PRODUCT_NAME = "$(TARGET_NAME)";
				PROVISIONING_PROFILE_SPECIFIER = "";
				SWIFT_EMIT_LOC_STRINGS = YES;
				SWIFT_VERSION = 5.0;
				TARGETED_DEVICE_FAMILY = "1,2";
			};
			name = Debug;
		};
		6F05CD1427BE826600C9F519 /* Release */ = {
			isa = XCBuildConfiguration;
			buildSettings = {
				ASSETCATALOG_COMPILER_APPICON_NAME = AppIcon;
				ASSETCATALOG_COMPILER_GLOBAL_ACCENT_COLOR_NAME = AccentColor;
				CODE_SIGN_IDENTITY = "Apple Development";
				CODE_SIGN_STYLE = Automatic;
				CURRENT_PROJECT_VERSION = 1;
				DEVELOPMENT_ASSET_PATHS = "\"PMS/Preview Content\"";
				DEVELOPMENT_TEAM = PX23DLMKVZ;
				ENABLE_PREVIEWS = YES;
				GENERATE_INFOPLIST_FILE = YES;
				INFOPLIST_KEY_UIApplicationSceneManifest_Generation = YES;
				INFOPLIST_KEY_UIApplicationSupportsIndirectInputEvents = YES;
				INFOPLIST_KEY_UILaunchScreen_Generation = YES;
				INFOPLIST_KEY_UISupportedInterfaceOrientations_iPad = "UIInterfaceOrientationPortrait UIInterfaceOrientationPortraitUpsideDown UIInterfaceOrientationLandscapeLeft UIInterfaceOrientationLandscapeRight";
				INFOPLIST_KEY_UISupportedInterfaceOrientations_iPhone = "UIInterfaceOrientationPortrait UIInterfaceOrientationLandscapeLeft UIInterfaceOrientationLandscapeRight";
				LD_RUNPATH_SEARCH_PATHS = (
					"$(inherited)",
					"@executable_path/Frameworks",
				);
				MARKETING_VERSION = 1.0;
				PRODUCT_BUNDLE_IDENTIFIER = "PolytechIG4-FLAGEUL-DAVILA.PMS";
				PRODUCT_NAME = "$(TARGET_NAME)";
				PROVISIONING_PROFILE_SPECIFIER = "";
				SWIFT_EMIT_LOC_STRINGS = YES;
				SWIFT_VERSION = 5.0;
				TARGETED_DEVICE_FAMILY = "1,2";
			};
			name = Release;
		};
		6F05CD1627BE826600C9F519 /* Debug */ = {
			isa = XCBuildConfiguration;
			buildSettings = {
				ALWAYS_EMBED_SWIFT_STANDARD_LIBRARIES = YES;
				BUNDLE_LOADER = "$(TEST_HOST)";
				CODE_SIGN_STYLE = Automatic;
				CURRENT_PROJECT_VERSION = 1;
				GENERATE_INFOPLIST_FILE = YES;
				IPHONEOS_DEPLOYMENT_TARGET = 15.0;
				LD_RUNPATH_SEARCH_PATHS = (
					"$(inherited)",
					"@executable_path/Frameworks",
					"@loader_path/Frameworks",
				);
				MARKETING_VERSION = 1.0;
				PRODUCT_BUNDLE_IDENTIFIER = "PolytechIG4-FLAGEUL-DAVILA.PMSTests";
				PRODUCT_NAME = "$(TARGET_NAME)";
				SWIFT_EMIT_LOC_STRINGS = NO;
				SWIFT_VERSION = 5.0;
				TARGETED_DEVICE_FAMILY = "1,2";
				TEST_HOST = "$(BUILT_PRODUCTS_DIR)/PMS.app/PMS";
			};
			name = Debug;
		};
		6F05CD1727BE826600C9F519 /* Release */ = {
			isa = XCBuildConfiguration;
			buildSettings = {
				ALWAYS_EMBED_SWIFT_STANDARD_LIBRARIES = YES;
				BUNDLE_LOADER = "$(TEST_HOST)";
				CODE_SIGN_STYLE = Automatic;
				CURRENT_PROJECT_VERSION = 1;
				GENERATE_INFOPLIST_FILE = YES;
				IPHONEOS_DEPLOYMENT_TARGET = 15.0;
				LD_RUNPATH_SEARCH_PATHS = (
					"$(inherited)",
					"@executable_path/Frameworks",
					"@loader_path/Frameworks",
				);
				MARKETING_VERSION = 1.0;
				PRODUCT_BUNDLE_IDENTIFIER = "PolytechIG4-FLAGEUL-DAVILA.PMSTests";
				PRODUCT_NAME = "$(TARGET_NAME)";
				SWIFT_EMIT_LOC_STRINGS = NO;
				SWIFT_VERSION = 5.0;
				TARGETED_DEVICE_FAMILY = "1,2";
				TEST_HOST = "$(BUILT_PRODUCTS_DIR)/PMS.app/PMS";
			};
			name = Release;
		};
		6F05CD1927BE826600C9F519 /* Debug */ = {
			isa = XCBuildConfiguration;
			buildSettings = {
				ALWAYS_EMBED_SWIFT_STANDARD_LIBRARIES = YES;
				CODE_SIGN_STYLE = Automatic;
				CURRENT_PROJECT_VERSION = 1;
				GENERATE_INFOPLIST_FILE = YES;
				LD_RUNPATH_SEARCH_PATHS = (
					"$(inherited)",
					"@executable_path/Frameworks",
					"@loader_path/Frameworks",
				);
				MARKETING_VERSION = 1.0;
				PRODUCT_BUNDLE_IDENTIFIER = "PolytechIG4-FLAGEUL-DAVILA.PMSUITests";
				PRODUCT_NAME = "$(TARGET_NAME)";
				SWIFT_EMIT_LOC_STRINGS = NO;
				SWIFT_VERSION = 5.0;
				TARGETED_DEVICE_FAMILY = "1,2";
				TEST_TARGET_NAME = PMS;
			};
			name = Debug;
		};
		6F05CD1A27BE826600C9F519 /* Release */ = {
			isa = XCBuildConfiguration;
			buildSettings = {
				ALWAYS_EMBED_SWIFT_STANDARD_LIBRARIES = YES;
				CODE_SIGN_STYLE = Automatic;
				CURRENT_PROJECT_VERSION = 1;
				GENERATE_INFOPLIST_FILE = YES;
				LD_RUNPATH_SEARCH_PATHS = (
					"$(inherited)",
					"@executable_path/Frameworks",
					"@loader_path/Frameworks",
				);
				MARKETING_VERSION = 1.0;
				PRODUCT_BUNDLE_IDENTIFIER = "PolytechIG4-FLAGEUL-DAVILA.PMSUITests";
				PRODUCT_NAME = "$(TARGET_NAME)";
				SWIFT_EMIT_LOC_STRINGS = NO;
				SWIFT_VERSION = 5.0;
				TARGETED_DEVICE_FAMILY = "1,2";
				TEST_TARGET_NAME = PMS;
			};
			name = Release;
		};
/* End XCBuildConfiguration section */

/* Begin XCConfigurationList section */
		6F05CCE927BE826500C9F519 /* Build configuration list for PBXProject "PMS" */ = {
			isa = XCConfigurationList;
			buildConfigurations = (
				6F05CD1027BE826600C9F519 /* Debug */,
				6F05CD1127BE826600C9F519 /* Release */,
			);
			defaultConfigurationIsVisible = 0;
			defaultConfigurationName = Release;
		};
		6F05CD1227BE826600C9F519 /* Build configuration list for PBXNativeTarget "PMS" */ = {
			isa = XCConfigurationList;
			buildConfigurations = (
				6F05CD1327BE826600C9F519 /* Debug */,
				6F05CD1427BE826600C9F519 /* Release */,
			);
			defaultConfigurationIsVisible = 0;
			defaultConfigurationName = Release;
		};
		6F05CD1527BE826600C9F519 /* Build configuration list for PBXNativeTarget "PMSTests" */ = {
			isa = XCConfigurationList;
			buildConfigurations = (
				6F05CD1627BE826600C9F519 /* Debug */,
				6F05CD1727BE826600C9F519 /* Release */,
			);
			defaultConfigurationIsVisible = 0;
			defaultConfigurationName = Release;
		};
		6F05CD1827BE826600C9F519 /* Build configuration list for PBXNativeTarget "PMSUITests" */ = {
			isa = XCConfigurationList;
			buildConfigurations = (
				6F05CD1927BE826600C9F519 /* Debug */,
				6F05CD1A27BE826600C9F519 /* Release */,
			);
			defaultConfigurationIsVisible = 0;
			defaultConfigurationName = Release;
		};
/* End XCConfigurationList section */

/* Begin XCRemoteSwiftPackageReference section */
		6FA6B95427C292FD000F2D21 /* XCRemoteSwiftPackageReference "firebase-ios-sdk" */ = {
			isa = XCRemoteSwiftPackageReference;
			repositoryURL = "https://github.com/firebase/firebase-ios-sdk";
			requirement = {
				kind = upToNextMajorVersion;
				minimumVersion = 8.0.0;
			};
		};
/* End XCRemoteSwiftPackageReference section */

/* Begin XCSwiftPackageProductDependency section */
		6FA6B95527C292FD000F2D21 /* FirebaseFirestore */ = {
			isa = XCSwiftPackageProductDependency;
			package = 6FA6B95427C292FD000F2D21 /* XCRemoteSwiftPackageReference "firebase-ios-sdk" */;
			productName = FirebaseFirestore;
		};
		6FA6B95727C292FD000F2D21 /* FirebaseFirestoreSwift-Beta */ = {
			isa = XCSwiftPackageProductDependency;
			package = 6FA6B95427C292FD000F2D21 /* XCRemoteSwiftPackageReference "firebase-ios-sdk" */;
			productName = "FirebaseFirestoreSwift-Beta";
		};
/* End XCSwiftPackageProductDependency section */
	};
	rootObject = 6F05CCE627BE826500C9F519 /* Project object */;
}
