// !$*UTF8*$!
{
	archiveVersion = 1;
	classes = {
	};
	objectVersion = 55;
	objects = {

/* Begin PBXBuildFile section */
		6F05CCF227BE826500C9F519 /* PMSApp.swift in Sources */ = {isa = PBXBuildFile; fileRef = 6F05CCF127BE826500C9F519 /* PMSApp.swift */; };
		6F05CCF427BE826500C9F519 /* ContentView.swift in Sources */ = {isa = PBXBuildFile; fileRef = 6F05CCF327BE826500C9F519 /* ContentView.swift */; };
		6F05CCF627BE826600C9F519 /* Assets.xcassets in Resources */ = {isa = PBXBuildFile; fileRef = 6F05CCF527BE826600C9F519 /* Assets.xcassets */; };
		6F05CCF927BE826600C9F519 /* Preview Assets.xcassets in Resources */ = {isa = PBXBuildFile; fileRef = 6F05CCF827BE826600C9F519 /* Preview Assets.xcassets */; };
		6F05CD0327BE826600C9F519 /* PMSTests.swift in Sources */ = {isa = PBXBuildFile; fileRef = 6F05CD0227BE826600C9F519 /* PMSTests.swift */; };
		6F05CD0D27BE826600C9F519 /* PMSUITests.swift in Sources */ = {isa = PBXBuildFile; fileRef = 6F05CD0C27BE826600C9F519 /* PMSUITests.swift */; };
		6F05CD0F27BE826600C9F519 /* PMSUITestsLaunchTests.swift in Sources */ = {isa = PBXBuildFile; fileRef = 6F05CD0E27BE826600C9F519 /* PMSUITestsLaunchTests.swift */; };
		6F6B72F827CED9CA00613F21 /* Category.swift in Sources */ = {isa = PBXBuildFile; fileRef = 6F6B72F727CED9CA00613F21 /* Category.swift */; };
		6F6B72FA27CFDFF400613F21 /* PrintPreviewView.swift in Sources */ = {isa = PBXBuildFile; fileRef = 6F6B72F927CFDFF400613F21 /* PrintPreviewView.swift */; };
		6F78F41D27D045F600CF63D3 /* IngredientDelegate.swift in Sources */ = {isa = PBXBuildFile; fileRef = 6F78F41C27D045F600CF63D3 /* IngredientDelegate.swift */; };
		6F78F42027D0496D00CF63D3 /* IngredientsErrors.swift in Sources */ = {isa = PBXBuildFile; fileRef = 6F78F41F27D0496D00CF63D3 /* IngredientsErrors.swift */; };
		6F78F42327D0F1B800CF63D3 /* ViewExtension.swift in Sources */ = {isa = PBXBuildFile; fileRef = 6F78F42227D0F1B800CF63D3 /* ViewExtension.swift */; };
		6F78F42527D1052300CF63D3 /* MealPageVM.swift in Sources */ = {isa = PBXBuildFile; fileRef = 6F78F42427D1052200CF63D3 /* MealPageVM.swift */; };
		6F78F42727D126E500CF63D3 /* TestView.swift in Sources */ = {isa = PBXBuildFile; fileRef = 6F78F42627D126E500CF63D3 /* TestView.swift */; };
		6F78F42927D13ECB00CF63D3 /* MealInfoPage.swift in Sources */ = {isa = PBXBuildFile; fileRef = 6F78F42827D13ECB00CF63D3 /* MealInfoPage.swift */; };
		6F90070E27C55D77007ED142 /* HomePage.swift in Sources */ = {isa = PBXBuildFile; fileRef = 6F90070D27C55D77007ED142 /* HomePage.swift */; };
		6F90071027C55DA0007ED142 /* NewFichePage.swift in Sources */ = {isa = PBXBuildFile; fileRef = 6F90070F27C55DA0007ED142 /* NewFichePage.swift */; };
		6F90071227C55DAC007ED142 /* StockPage.swift in Sources */ = {isa = PBXBuildFile; fileRef = 6F90071127C55DAC007ED142 /* StockPage.swift */; };
		6F90071527C55DDA007ED142 /* StageView.swift in Sources */ = {isa = PBXBuildFile; fileRef = 6F90071427C55DDA007ED142 /* StageView.swift */; };
		6F90071727C56470007ED142 /* MealPage.swift in Sources */ = {isa = PBXBuildFile; fileRef = 6F90071627C56470007ED142 /* MealPage.swift */; };
		6F90071927C568BB007ED142 /* StageDAO.swift in Sources */ = {isa = PBXBuildFile; fileRef = 6F90071827C568BB007ED142 /* StageDAO.swift */; };
		6F90071B27C5827E007ED142 /* IngredientQuantity.swift in Sources */ = {isa = PBXBuildFile; fileRef = 6F90071A27C5827E007ED142 /* IngredientQuantity.swift */; };
		6F90071D27C5837B007ED142 /* IngredientQuantityDAO.swift in Sources */ = {isa = PBXBuildFile; fileRef = 6F90071C27C5837B007ED142 /* IngredientQuantityDAO.swift */; };
		6F90071F27C58A5C007ED142 /* IngredientSelectorView.swift in Sources */ = {isa = PBXBuildFile; fileRef = 6F90071E27C58A5B007ED142 /* IngredientSelectorView.swift */; };
		6FA6B95627C292FD000F2D21 /* FirebaseFirestore in Frameworks */ = {isa = PBXBuildFile; productRef = 6FA6B95527C292FD000F2D21 /* FirebaseFirestore */; };
		6FA6B95827C292FD000F2D21 /* FirebaseFirestoreSwift-Beta in Frameworks */ = {isa = PBXBuildFile; productRef = 6FA6B95727C292FD000F2D21 /* FirebaseFirestoreSwift-Beta */; };
		6FC10FB827C2AEDC006CA8A9 /* Ingredient.swift in Sources */ = {isa = PBXBuildFile; fileRef = 6FF6BF4527C2949A002E77B5 /* Ingredient.swift */; };
		6FC10FB927C2AEDD006CA8A9 /* Ingredient.swift in Sources */ = {isa = PBXBuildFile; fileRef = 6FF6BF4527C2949A002E77B5 /* Ingredient.swift */; };
		6FC10FBA27C2AF37006CA8A9 /* PMSApp.swift in Sources */ = {isa = PBXBuildFile; fileRef = 6F05CCF127BE826500C9F519 /* PMSApp.swift */; };
		6FC10FBB27C2AF38006CA8A9 /* PMSApp.swift in Sources */ = {isa = PBXBuildFile; fileRef = 6F05CCF127BE826500C9F519 /* PMSApp.swift */; };
		6FCD914827C665080045AAB7 /* meat.png in Resources */ = {isa = PBXBuildFile; fileRef = 6FCD914727C665070045AAB7 /* meat.png */; };
		6FCD914A27C6C16B0045AAB7 /* NewFiche2Page.swift in Sources */ = {isa = PBXBuildFile; fileRef = 6FCD914927C6C16B0045AAB7 /* NewFiche2Page.swift */; };
		6FCD914C27C6EBCC0045AAB7 /* DetailledStockPage.swift in Sources */ = {isa = PBXBuildFile; fileRef = 6FCD914B27C6EBCC0045AAB7 /* DetailledStockPage.swift */; };
		6FCD914E27CC26250045AAB7 /* StagePageVM.swift in Sources */ = {isa = PBXBuildFile; fileRef = 6FCD914D27CC26250045AAB7 /* StagePageVM.swift */; };
		6FCD915027CD10580045AAB7 /* ShortIngredientView.swift in Sources */ = {isa = PBXBuildFile; fileRef = 6FCD914F27CD10580045AAB7 /* ShortIngredientView.swift */; };
		6FCD915227CD8AB30045AAB7 /* NewIngredientPage.swift in Sources */ = {isa = PBXBuildFile; fileRef = 6FCD915127CD8AB30045AAB7 /* NewIngredientPage.swift */; };
		6FCD915427CD938D0045AAB7 /* NewIngredientVM.swift in Sources */ = {isa = PBXBuildFile; fileRef = 6FCD915327CD938D0045AAB7 /* NewIngredientVM.swift */; };
		6FCD915627CE53CD0045AAB7 /* NewFichePage2VM.swift in Sources */ = {isa = PBXBuildFile; fileRef = 6FCD915527CE53CD0045AAB7 /* NewFichePage2VM.swift */; };
		6FD7A8B627C2A9DF0042CE8D /* GoogleService-Info.plist in Resources */ = {isa = PBXBuildFile; fileRef = 6FD7A8B527C2A9DF0042CE8D /* GoogleService-Info.plist */; };
		6FF6BF4327C2945E002E77B5 /* IngredientsVM.swift in Sources */ = {isa = PBXBuildFile; fileRef = 6FF6BF4227C2945E002E77B5 /* IngredientsVM.swift */; };
		6FF6BF4627C2949A002E77B5 /* Ingredient.swift in Sources */ = {isa = PBXBuildFile; fileRef = 6FF6BF4527C2949A002E77B5 /* Ingredient.swift */; };
		6FF6BF4A27C296A1002E77B5 /* IngredientDAO.swift in Sources */ = {isa = PBXBuildFile; fileRef = 6FF6BF4927C296A1002E77B5 /* IngredientDAO.swift */; };
		B7758ED727C4D0D80073CFA3 /* Meal.swift in Sources */ = {isa = PBXBuildFile; fileRef = B7758ED627C4D0D80073CFA3 /* Meal.swift */; };
		B7758ED927C4D3040073CFA3 /* MealDAO.swift in Sources */ = {isa = PBXBuildFile; fileRef = B7758ED827C4D3040073CFA3 /* MealDAO.swift */; };
		B7758EDB27C4DCFB0073CFA3 /* HomePageVM.swift in Sources */ = {isa = PBXBuildFile; fileRef = B7758EDA27C4DCFB0073CFA3 /* HomePageVM.swift */; };
		B7758EDD27C51CE60073CFA3 /* Stage.swift in Sources */ = {isa = PBXBuildFile; fileRef = B7758EDC27C51CE60073CFA3 /* Stage.swift */; };
/* End PBXBuildFile section */

/* Begin PBXContainerItemProxy section */
		6F05CCFF27BE826600C9F519 /* PBXContainerItemProxy */ = {
			isa = PBXContainerItemProxy;
			containerPortal = 6F05CCE627BE826500C9F519 /* Project object */;
			proxyType = 1;
			remoteGlobalIDString = 6F05CCED27BE826500C9F519;
			remoteInfo = PMS;
		};
		6F05CD0927BE826600C9F519 /* PBXContainerItemProxy */ = {
			isa = PBXContainerItemProxy;
			containerPortal = 6F05CCE627BE826500C9F519 /* Project object */;
			proxyType = 1;
			remoteGlobalIDString = 6F05CCED27BE826500C9F519;
			remoteInfo = PMS;
		};
/* End PBXContainerItemProxy section */

/* Begin PBXFileReference section */
		6F05CCEE27BE826500C9F519 /* PMS.app */ = {isa = PBXFileReference; explicitFileType = wrapper.application; includeInIndex = 0; path = PMS.app; sourceTree = BUILT_PRODUCTS_DIR; };
		6F05CCF127BE826500C9F519 /* PMSApp.swift */ = {isa = PBXFileReference; lastKnownFileType = sourcecode.swift; path = PMSApp.swift; sourceTree = "<group>"; };
		6F05CCF327BE826500C9F519 /* ContentView.swift */ = {isa = PBXFileReference; lastKnownFileType = sourcecode.swift; path = ContentView.swift; sourceTree = "<group>"; };
		6F05CCF527BE826600C9F519 /* Assets.xcassets */ = {isa = PBXFileReference; lastKnownFileType = folder.assetcatalog; path = Assets.xcassets; sourceTree = "<group>"; };
		6F05CCF827BE826600C9F519 /* Preview Assets.xcassets */ = {isa = PBXFileReference; lastKnownFileType = folder.assetcatalog; path = "Preview Assets.xcassets"; sourceTree = "<group>"; };
		6F05CCFE27BE826600C9F519 /* PMSTests.xctest */ = {isa = PBXFileReference; explicitFileType = wrapper.cfbundle; includeInIndex = 0; path = PMSTests.xctest; sourceTree = BUILT_PRODUCTS_DIR; };
		6F05CD0227BE826600C9F519 /* PMSTests.swift */ = {isa = PBXFileReference; lastKnownFileType = sourcecode.swift; path = PMSTests.swift; sourceTree = "<group>"; };
		6F05CD0827BE826600C9F519 /* PMSUITests.xctest */ = {isa = PBXFileReference; explicitFileType = wrapper.cfbundle; includeInIndex = 0; path = PMSUITests.xctest; sourceTree = BUILT_PRODUCTS_DIR; };
		6F05CD0C27BE826600C9F519 /* PMSUITests.swift */ = {isa = PBXFileReference; lastKnownFileType = sourcecode.swift; path = PMSUITests.swift; sourceTree = "<group>"; };
		6F05CD0E27BE826600C9F519 /* PMSUITestsLaunchTests.swift */ = {isa = PBXFileReference; lastKnownFileType = sourcecode.swift; path = PMSUITestsLaunchTests.swift; sourceTree = "<group>"; };
		6F6B72F727CED9CA00613F21 /* Category.swift */ = {isa = PBXFileReference; lastKnownFileType = sourcecode.swift; path = Category.swift; sourceTree = "<group>"; };
		6F6B72F927CFDFF400613F21 /* PrintPreviewView.swift */ = {isa = PBXFileReference; lastKnownFileType = sourcecode.swift; path = PrintPreviewView.swift; sourceTree = "<group>"; };
		6F78F41C27D045F600CF63D3 /* IngredientDelegate.swift */ = {isa = PBXFileReference; lastKnownFileType = sourcecode.swift; path = IngredientDelegate.swift; sourceTree = "<group>"; };
		6F78F41F27D0496D00CF63D3 /* IngredientsErrors.swift */ = {isa = PBXFileReference; lastKnownFileType = sourcecode.swift; path = IngredientsErrors.swift; sourceTree = "<group>"; };
		6F78F42227D0F1B800CF63D3 /* ViewExtension.swift */ = {isa = PBXFileReference; lastKnownFileType = sourcecode.swift; path = ViewExtension.swift; sourceTree = "<group>"; };
		6F78F42427D1052200CF63D3 /* MealPageVM.swift */ = {isa = PBXFileReference; lastKnownFileType = sourcecode.swift; path = MealPageVM.swift; sourceTree = "<group>"; };
		6F78F42627D126E500CF63D3 /* TestView.swift */ = {isa = PBXFileReference; lastKnownFileType = sourcecode.swift; path = TestView.swift; sourceTree = "<group>"; };
		6F78F42827D13ECB00CF63D3 /* MealInfoPage.swift */ = {isa = PBXFileReference; lastKnownFileType = sourcecode.swift; path = MealInfoPage.swift; sourceTree = "<group>"; };
		6F90070D27C55D77007ED142 /* HomePage.swift */ = {isa = PBXFileReference; lastKnownFileType = sourcecode.swift; path = HomePage.swift; sourceTree = "<group>"; };
		6F90070F27C55DA0007ED142 /* NewFichePage.swift */ = {isa = PBXFileReference; lastKnownFileType = sourcecode.swift; path = NewFichePage.swift; sourceTree = "<group>"; };
		6F90071127C55DAC007ED142 /* StockPage.swift */ = {isa = PBXFileReference; lastKnownFileType = sourcecode.swift; path = StockPage.swift; sourceTree = "<group>"; };
		6F90071427C55DDA007ED142 /* StageView.swift */ = {isa = PBXFileReference; lastKnownFileType = sourcecode.swift; path = StageView.swift; sourceTree = "<group>"; };
		6F90071627C56470007ED142 /* MealPage.swift */ = {isa = PBXFileReference; lastKnownFileType = sourcecode.swift; path = MealPage.swift; sourceTree = "<group>"; };
		6F90071827C568BB007ED142 /* StageDAO.swift */ = {isa = PBXFileReference; lastKnownFileType = sourcecode.swift; path = StageDAO.swift; sourceTree = "<group>"; };
		6F90071A27C5827E007ED142 /* IngredientQuantity.swift */ = {isa = PBXFileReference; lastKnownFileType = sourcecode.swift; path = IngredientQuantity.swift; sourceTree = "<group>"; };
		6F90071C27C5837B007ED142 /* IngredientQuantityDAO.swift */ = {isa = PBXFileReference; lastKnownFileType = sourcecode.swift; path = IngredientQuantityDAO.swift; sourceTree = "<group>"; };
		6F90071E27C58A5B007ED142 /* IngredientSelectorView.swift */ = {isa = PBXFileReference; lastKnownFileType = sourcecode.swift; path = IngredientSelectorView.swift; sourceTree = "<group>"; };
		6FCD914727C665070045AAB7 /* meat.png */ = {isa = PBXFileReference; lastKnownFileType = image.png; name = meat.png; path = ../../../../Downloads/meat.png; sourceTree = "<group>"; };
		6FCD914927C6C16B0045AAB7 /* NewFiche2Page.swift */ = {isa = PBXFileReference; lastKnownFileType = sourcecode.swift; path = NewFiche2Page.swift; sourceTree = "<group>"; };
		6FCD914B27C6EBCC0045AAB7 /* DetailledStockPage.swift */ = {isa = PBXFileReference; lastKnownFileType = sourcecode.swift; path = DetailledStockPage.swift; sourceTree = "<group>"; };
		6FCD914D27CC26250045AAB7 /* StagePageVM.swift */ = {isa = PBXFileReference; lastKnownFileType = sourcecode.swift; path = StagePageVM.swift; sourceTree = "<group>"; };
		6FCD914F27CD10580045AAB7 /* ShortIngredientView.swift */ = {isa = PBXFileReference; lastKnownFileType = sourcecode.swift; path = ShortIngredientView.swift; sourceTree = "<group>"; };
		6FCD915127CD8AB30045AAB7 /* NewIngredientPage.swift */ = {isa = PBXFileReference; lastKnownFileType = sourcecode.swift; path = NewIngredientPage.swift; sourceTree = "<group>"; };
		6FCD915327CD938D0045AAB7 /* NewIngredientVM.swift */ = {isa = PBXFileReference; lastKnownFileType = sourcecode.swift; path = NewIngredientVM.swift; sourceTree = "<group>"; };
		6FCD915527CE53CD0045AAB7 /* NewFichePage2VM.swift */ = {isa = PBXFileReference; lastKnownFileType = sourcecode.swift; path = NewFichePage2VM.swift; sourceTree = "<group>"; };
		6FD7A8B527C2A9DF0042CE8D /* GoogleService-Info.plist */ = {isa = PBXFileReference; fileEncoding = 4; lastKnownFileType = text.plist.xml; path = "GoogleService-Info.plist"; sourceTree = "<group>"; };
		6FF6BF4227C2945E002E77B5 /* IngredientsVM.swift */ = {isa = PBXFileReference; lastKnownFileType = sourcecode.swift; path = IngredientsVM.swift; sourceTree = "<group>"; };
		6FF6BF4527C2949A002E77B5 /* Ingredient.swift */ = {isa = PBXFileReference; lastKnownFileType = sourcecode.swift; path = Ingredient.swift; sourceTree = "<group>"; };
		6FF6BF4927C296A1002E77B5 /* IngredientDAO.swift */ = {isa = PBXFileReference; lastKnownFileType = sourcecode.swift; path = IngredientDAO.swift; sourceTree = "<group>"; };
		B7758ED627C4D0D80073CFA3 /* Meal.swift */ = {isa = PBXFileReference; lastKnownFileType = sourcecode.swift; path = Meal.swift; sourceTree = "<group>"; };
		B7758ED827C4D3040073CFA3 /* MealDAO.swift */ = {isa = PBXFileReference; lastKnownFileType = sourcecode.swift; path = MealDAO.swift; sourceTree = "<group>"; };
		B7758EDA27C4DCFB0073CFA3 /* HomePageVM.swift */ = {isa = PBXFileReference; lastKnownFileType = sourcecode.swift; path = HomePageVM.swift; sourceTree = "<group>"; };
		B7758EDC27C51CE60073CFA3 /* Stage.swift */ = {isa = PBXFileReference; lastKnownFileType = sourcecode.swift; path = Stage.swift; sourceTree = "<group>"; };
/* End PBXFileReference section */

/* Begin PBXFrameworksBuildPhase section */
		6F05CCEB27BE826500C9F519 /* Frameworks */ = {
			isa = PBXFrameworksBuildPhase;
			buildActionMask = 2147483647;
			files = (
				6FA6B95627C292FD000F2D21 /* FirebaseFirestore in Frameworks */,
				6FA6B95827C292FD000F2D21 /* FirebaseFirestoreSwift-Beta in Frameworks */,
			);
			runOnlyForDeploymentPostprocessing = 0;
		};
		6F05CCFB27BE826600C9F519 /* Frameworks */ = {
			isa = PBXFrameworksBuildPhase;
			buildActionMask = 2147483647;
			files = (
			);
			runOnlyForDeploymentPostprocessing = 0;
		};
		6F05CD0527BE826600C9F519 /* Frameworks */ = {
			isa = PBXFrameworksBuildPhase;
			buildActionMask = 2147483647;
			files = (
			);
			runOnlyForDeploymentPostprocessing = 0;
		};
/* End PBXFrameworksBuildPhase section */

/* Begin PBXGroup section */
		6F05CCE527BE826500C9F519 = {
			isa = PBXGroup;
			children = (
				6F05CCF027BE826500C9F519 /* PMS */,
				6F05CD0127BE826600C9F519 /* PMSTests */,
				6F05CD0B27BE826600C9F519 /* PMSUITests */,
				6F05CCEF27BE826500C9F519 /* Products */,
			);
			sourceTree = "<group>";
		};
		6F05CCEF27BE826500C9F519 /* Products */ = {
			isa = PBXGroup;
			children = (
				6F05CCEE27BE826500C9F519 /* PMS.app */,
				6F05CCFE27BE826600C9F519 /* PMSTests.xctest */,
				6F05CD0827BE826600C9F519 /* PMSUITests.xctest */,
			);
			name = Products;
			sourceTree = "<group>";
		};
		6F05CCF027BE826500C9F519 /* PMS */ = {
			isa = PBXGroup;
			children = (
				6F78F42127D0F1A100CF63D3 /* Extensions */,
				6F90070C27C55D60007ED142 /* Views */,
				6FD7A8B527C2A9DF0042CE8D /* GoogleService-Info.plist */,
				6FF6BF4727C29684002E77B5 /* Helpers */,
				6FF6BF4427C29491002E77B5 /* Models */,
				6FF6BF4127C29445002E77B5 /* ViewModels */,
				6F05CCF127BE826500C9F519 /* PMSApp.swift */,
				6F05CCF327BE826500C9F519 /* ContentView.swift */,
				6F05CCF527BE826600C9F519 /* Assets.xcassets */,
				6FCD914727C665070045AAB7 /* meat.png */,
				6F05CCF727BE826600C9F519 /* Preview Content */,
			);
			path = PMS;
			sourceTree = "<group>";
		};
		6F05CCF727BE826600C9F519 /* Preview Content */ = {
			isa = PBXGroup;
			children = (
				6F05CCF827BE826600C9F519 /* Preview Assets.xcassets */,
			);
			path = "Preview Content";
			sourceTree = "<group>";
		};
		6F05CD0127BE826600C9F519 /* PMSTests */ = {
			isa = PBXGroup;
			children = (
				6F05CD0227BE826600C9F519 /* PMSTests.swift */,
			);
			path = PMSTests;
			sourceTree = "<group>";
		};
		6F05CD0B27BE826600C9F519 /* PMSUITests */ = {
			isa = PBXGroup;
			children = (
				6F05CD0C27BE826600C9F519 /* PMSUITests.swift */,
				6F05CD0E27BE826600C9F519 /* PMSUITestsLaunchTests.swift */,
			);
			path = PMSUITests;
			sourceTree = "<group>";
		};
		6F78F41B27D045C500CF63D3 /* ModelsDelegate */ = {
			isa = PBXGroup;
			children = (
				6F78F41C27D045F600CF63D3 /* IngredientDelegate.swift */,
			);
			path = ModelsDelegate;
			sourceTree = "<group>";
		};
		6F78F41E27D048F500CF63D3 /* Enumerations */ = {
			isa = PBXGroup;
			children = (
				6F78F41F27D0496D00CF63D3 /* IngredientsErrors.swift */,
			);
			path = Enumerations;
			sourceTree = "<group>";
		};
		6F78F42127D0F1A100CF63D3 /* Extensions */ = {
			isa = PBXGroup;
			children = (
				6F78F42227D0F1B800CF63D3 /* ViewExtension.swift */,
			);
			path = Extensions;
			sourceTree = "<group>";
		};
		6F90070C27C55D60007ED142 /* Views */ = {
			isa = PBXGroup;
			children = (
				6F90071327C55DC9007ED142 /* Components */,
				6F90070D27C55D77007ED142 /* HomePage.swift */,
				6F90070F27C55DA0007ED142 /* NewFichePage.swift */,
				6F90071127C55DAC007ED142 /* StockPage.swift */,
				6F90071627C56470007ED142 /* MealPage.swift */,
				6FCD914927C6C16B0045AAB7 /* NewFiche2Page.swift */,
				6FCD914B27C6EBCC0045AAB7 /* DetailledStockPage.swift */,
				6FCD915127CD8AB30045AAB7 /* NewIngredientPage.swift */,
				6F6B72F927CFDFF400613F21 /* PrintPreviewView.swift */,
				6F78F42627D126E500CF63D3 /* TestView.swift */,
				6F78F42827D13ECB00CF63D3 /* MealInfoPage.swift */,
			);
			path = Views;
			sourceTree = "<group>";
		};
		6F90071327C55DC9007ED142 /* Components */ = {
			isa = PBXGroup;
			children = (
				6F90071427C55DDA007ED142 /* StageView.swift */,
				6F90071E27C58A5B007ED142 /* IngredientSelectorView.swift */,
				6FCD914F27CD10580045AAB7 /* ShortIngredientView.swift */,
			);
			path = Components;
			sourceTree = "<group>";
		};
		6FF6BF4127C29445002E77B5 /* ViewModels */ = {
			isa = PBXGroup;
			children = (
				6FF6BF4227C2945E002E77B5 /* IngredientsVM.swift */,
				B7758EDA27C4DCFB0073CFA3 /* HomePageVM.swift */,
				6FCD914D27CC26250045AAB7 /* StagePageVM.swift */,
				6FCD915327CD938D0045AAB7 /* NewIngredientVM.swift */,
				6FCD915527CE53CD0045AAB7 /* NewFichePage2VM.swift */,
				6F78F42427D1052200CF63D3 /* MealPageVM.swift */,
			);
			path = ViewModels;
			sourceTree = "<group>";
		};
		6FF6BF4427C29491002E77B5 /* Models */ = {
			isa = PBXGroup;
			children = (
				6F78F41E27D048F500CF63D3 /* Enumerations */,
				6F78F41B27D045C500CF63D3 /* ModelsDelegate */,
				6FF6BF4527C2949A002E77B5 /* Ingredient.swift */,
				B7758ED627C4D0D80073CFA3 /* Meal.swift */,
				B7758EDC27C51CE60073CFA3 /* Stage.swift */,
				6F90071A27C5827E007ED142 /* IngredientQuantity.swift */,
				6F6B72F727CED9CA00613F21 /* Category.swift */,
			);
			path = Models;
			sourceTree = "<group>";
		};
		6FF6BF4727C29684002E77B5 /* Helpers */ = {
			isa = PBXGroup;
			children = (
				6FF6BF4827C2968C002E77B5 /* ModelsDAO */,
			);
			path = Helpers;
			sourceTree = "<group>";
		};
		6FF6BF4827C2968C002E77B5 /* ModelsDAO */ = {
			isa = PBXGroup;
			children = (
				6FF6BF4927C296A1002E77B5 /* IngredientDAO.swift */,
				B7758ED827C4D3040073CFA3 /* MealDAO.swift */,
				6F90071827C568BB007ED142 /* StageDAO.swift */,
				6F90071C27C5837B007ED142 /* IngredientQuantityDAO.swift */,
			);
			path = ModelsDAO;
			sourceTree = "<group>";
		};
/* End PBXGroup section */

/* Begin PBXNativeTarget section */
		6F05CCED27BE826500C9F519 /* PMS */ = {
			isa = PBXNativeTarget;
			buildConfigurationList = 6F05CD1227BE826600C9F519 /* Build configuration list for PBXNativeTarget "PMS" */;
			buildPhases = (
				6F05CCEA27BE826500C9F519 /* Sources */,
				6F05CCEB27BE826500C9F519 /* Frameworks */,
				6F05CCEC27BE826500C9F519 /* Resources */,
			);
			buildRules = (
			);
			dependencies = (
			);
			name = PMS;
			packageProductDependencies = (
				6FA6B95527C292FD000F2D21 /* FirebaseFirestore */,
				6FA6B95727C292FD000F2D21 /* FirebaseFirestoreSwift-Beta */,
			);
			productName = PMS;
			productReference = 6F05CCEE27BE826500C9F519 /* PMS.app */;
			productType = "com.apple.product-type.application";
		};
		6F05CCFD27BE826600C9F519 /* PMSTests */ = {
			isa = PBXNativeTarget;
			buildConfigurationList = 6F05CD1527BE826600C9F519 /* Build configuration list for PBXNativeTarget "PMSTests" */;
			buildPhases = (
				6F05CCFA27BE826600C9F519 /* Sources */,
				6F05CCFB27BE826600C9F519 /* Frameworks */,
				6F05CCFC27BE826600C9F519 /* Resources */,
			);
			buildRules = (
			);
			dependencies = (
				6F05CD0027BE826600C9F519 /* PBXTargetDependency */,
			);
			name = PMSTests;
			productName = PMSTests;
			productReference = 6F05CCFE27BE826600C9F519 /* PMSTests.xctest */;
			productType = "com.apple.product-type.bundle.unit-test";
		};
		6F05CD0727BE826600C9F519 /* PMSUITests */ = {
			isa = PBXNativeTarget;
			buildConfigurationList = 6F05CD1827BE826600C9F519 /* Build configuration list for PBXNativeTarget "PMSUITests" */;
			buildPhases = (
				6F05CD0427BE826600C9F519 /* Sources */,
				6F05CD0527BE826600C9F519 /* Frameworks */,
				6F05CD0627BE826600C9F519 /* Resources */,
			);
			buildRules = (
			);
			dependencies = (
				6F05CD0A27BE826600C9F519 /* PBXTargetDependency */,
			);
			name = PMSUITests;
			productName = PMSUITests;
			productReference = 6F05CD0827BE826600C9F519 /* PMSUITests.xctest */;
			productType = "com.apple.product-type.bundle.ui-testing";
		};
/* End PBXNativeTarget section */

/* Begin PBXProject section */
		6F05CCE627BE826500C9F519 /* Project object */ = {
			isa = PBXProject;
			attributes = {
				BuildIndependentTargetsInParallel = 1;
				LastSwiftUpdateCheck = 1310;
				LastUpgradeCheck = 1310;
				ORGANIZATIONNAME = "	";
				TargetAttributes = {
					6F05CCED27BE826500C9F519 = {
						CreatedOnToolsVersion = 13.1;
					};
					6F05CCFD27BE826600C9F519 = {
						CreatedOnToolsVersion = 13.1;
						TestTargetID = 6F05CCED27BE826500C9F519;
					};
					6F05CD0727BE826600C9F519 = {
						CreatedOnToolsVersion = 13.1;
						TestTargetID = 6F05CCED27BE826500C9F519;
					};
				};
			};
			buildConfigurationList = 6F05CCE927BE826500C9F519 /* Build configuration list for PBXProject "PMS" */;
			compatibilityVersion = "Xcode 13.0";
			developmentRegion = en;
			hasScannedForEncodings = 0;
			knownRegions = (
				en,
				Base,
			);
			mainGroup = 6F05CCE527BE826500C9F519;
			packageReferences = (
				6FA6B95427C292FD000F2D21 /* XCRemoteSwiftPackageReference "firebase-ios-sdk" */,
			);
			productRefGroup = 6F05CCEF27BE826500C9F519 /* Products */;
			projectDirPath = "";
			projectRoot = "";
			targets = (
				6F05CCED27BE826500C9F519 /* PMS */,
				6F05CCFD27BE826600C9F519 /* PMSTests */,
				6F05CD0727BE826600C9F519 /* PMSUITests */,
			);
		};
/* End PBXProject section */

/* Begin PBXResourcesBuildPhase section */
		6F05CCEC27BE826500C9F519 /* Resources */ = {
			isa = PBXResourcesBuildPhase;
			buildActionMask = 2147483647;
			files = (
				6F05CCF927BE826600C9F519 /* Preview Assets.xcassets in Resources */,
				6F05CCF627BE826600C9F519 /* Assets.xcassets in Resources */,
				6FCD914827C665080045AAB7 /* meat.png in Resources */,
				6FD7A8B627C2A9DF0042CE8D /* GoogleService-Info.plist in Resources */,
			);
			runOnlyForDeploymentPostprocessing = 0;
		};
		6F05CCFC27BE826600C9F519 /* Resources */ = {
			isa = PBXResourcesBuildPhase;
			buildActionMask = 2147483647;
			files = (
			);
			runOnlyForDeploymentPostprocessing = 0;
		};
		6F05CD0627BE826600C9F519 /* Resources */ = {
			isa = PBXResourcesBuildPhase;
			buildActionMask = 2147483647;
			files = (
			);
			runOnlyForDeploymentPostprocessing = 0;
		};
/* End PBXResourcesBuildPhase section */

/* Begin PBXSourcesBuildPhase section */
		6F05CCEA27BE826500C9F519 /* Sources */ = {
			isa = PBXSourcesBuildPhase;
			buildActionMask = 2147483647;
			files = (
				6FCD915027CD10580045AAB7 /* ShortIngredientView.swift in Sources */,
				6FF6BF4627C2949A002E77B5 /* Ingredient.swift in Sources */,
				6F90071527C55DDA007ED142 /* StageView.swift in Sources */,
				6F90071027C55DA0007ED142 /* NewFichePage.swift in Sources */,
				6F78F42927D13ECB00CF63D3 /* MealInfoPage.swift in Sources */,
				6F78F42727D126E500CF63D3 /* TestView.swift in Sources */,
				6FF6BF4A27C296A1002E77B5 /* IngredientDAO.swift in Sources */,
				B7758EDB27C4DCFB0073CFA3 /* HomePageVM.swift in Sources */,
				6F78F42027D0496D00CF63D3 /* IngredientsErrors.swift in Sources */,
				6FCD915427CD938D0045AAB7 /* NewIngredientVM.swift in Sources */,
				6FCD915227CD8AB30045AAB7 /* NewIngredientPage.swift in Sources */,
				6F90071D27C5837B007ED142 /* IngredientQuantityDAO.swift in Sources */,
				6F6B72F827CED9CA00613F21 /* Category.swift in Sources */,
				6F90071F27C58A5C007ED142 /* IngredientSelectorView.swift in Sources */,
				B7758EDD27C51CE60073CFA3 /* Stage.swift in Sources */,
				B7758ED727C4D0D80073CFA3 /* Meal.swift in Sources */,
				6F90071727C56470007ED142 /* MealPage.swift in Sources */,
				6FCD914E27CC26250045AAB7 /* StagePageVM.swift in Sources */,
				6F90070E27C55D77007ED142 /* HomePage.swift in Sources */,
				6F90071227C55DAC007ED142 /* StockPage.swift in Sources */,
				B7758ED927C4D3040073CFA3 /* MealDAO.swift in Sources */,
				6F78F42527D1052300CF63D3 /* MealPageVM.swift in Sources */,
				6FCD915627CE53CD0045AAB7 /* NewFichePage2VM.swift in Sources */,
				6F90071B27C5827E007ED142 /* IngredientQuantity.swift in Sources */,
				6FF6BF4327C2945E002E77B5 /* IngredientsVM.swift in Sources */,
				6F05CCF427BE826500C9F519 /* ContentView.swift in Sources */,
				6FCD914C27C6EBCC0045AAB7 /* DetailledStockPage.swift in Sources */,
				6F78F42327D0F1B800CF63D3 /* ViewExtension.swift in Sources */,
				6F6B72FA27CFDFF400613F21 /* PrintPreviewView.swift in Sources */,
				6F78F41D27D045F600CF63D3 /* IngredientDelegate.swift in Sources */,
				6FCD914A27C6C16B0045AAB7 /* NewFiche2Page.swift in Sources */,
				6F90071927C568BB007ED142 /* StageDAO.swift in Sources */,
				6F05CCF227BE826500C9F519 /* PMSApp.swift in Sources */,
			);
			runOnlyForDeploymentPostprocessing = 0;
		};
		6F05CCFA27BE826600C9F519 /* Sources */ = {
			isa = PBXSourcesBuildPhase;
			buildActionMask = 2147483647;
			files = (
				6FC10FB827C2AEDC006CA8A9 /* Ingredient.swift in Sources */,
				6FC10FBA27C2AF37006CA8A9 /* PMSApp.swift in Sources */,
				6F05CD0327BE826600C9F519 /* PMSTests.swift in Sources */,
			);
			runOnlyForDeploymentPostprocessing = 0;
		};
		6F05CD0427BE826600C9F519 /* Sources */ = {
			isa = PBXSourcesBuildPhase;
			buildActionMask = 2147483647;
			files = (
				6FC10FBB27C2AF38006CA8A9 /* PMSApp.swift in Sources */,
				6F05CD0D27BE826600C9F519 /* PMSUITests.swift in Sources */,
				6F05CD0F27BE826600C9F519 /* PMSUITestsLaunchTests.swift in Sources */,
				6FC10FB927C2AEDD006CA8A9 /* Ingredient.swift in Sources */,
			);
			runOnlyForDeploymentPostprocessing = 0;
		};
/* End PBXSourcesBuildPhase section */

/* Begin PBXTargetDependency section */
		6F05CD0027BE826600C9F519 /* PBXTargetDependency */ = {
			isa = PBXTargetDependency;
			target = 6F05CCED27BE826500C9F519 /* PMS */;
			targetProxy = 6F05CCFF27BE826600C9F519 /* PBXContainerItemProxy */;
		};
		6F05CD0A27BE826600C9F519 /* PBXTargetDependency */ = {
			isa = PBXTargetDependency;
			target = 6F05CCED27BE826500C9F519 /* PMS */;
			targetProxy = 6F05CD0927BE826600C9F519 /* PBXContainerItemProxy */;
		};
/* End PBXTargetDependency section */

/* Begin XCBuildConfiguration section */
		6F05CD1027BE826600C9F519 /* Debug */ = {
			isa = XCBuildConfiguration;
			buildSettings = {
				ALWAYS_SEARCH_USER_PATHS = NO;
				CLANG_ANALYZER_NONNULL = YES;
				CLANG_ANALYZER_NUMBER_OBJECT_CONVERSION = YES_AGGRESSIVE;
				CLANG_CXX_LANGUAGE_STANDARD = "gnu++17";
				CLANG_CXX_LIBRARY = "libc++";
				CLANG_ENABLE_MODULES = YES;
				CLANG_ENABLE_OBJC_ARC = YES;
				CLANG_ENABLE_OBJC_WEAK = YES;
				CLANG_WARN_BLOCK_CAPTURE_AUTORELEASING = YES;
				CLANG_WARN_BOOL_CONVERSION = YES;
				CLANG_WARN_COMMA = YES;
				CLANG_WARN_CONSTANT_CONVERSION = YES;
				CLANG_WARN_DEPRECATED_OBJC_IMPLEMENTATIONS = YES;
				CLANG_WARN_DIRECT_OBJC_ISA_USAGE = YES_ERROR;
				CLANG_WARN_DOCUMENTATION_COMMENTS = YES;
				CLANG_WARN_EMPTY_BODY = YES;
				CLANG_WARN_ENUM_CONVERSION = YES;
				CLANG_WARN_INFINITE_RECURSION = YES;
				CLANG_WARN_INT_CONVERSION = YES;
				CLANG_WARN_NON_LITERAL_NULL_CONVERSION = YES;
				CLANG_WARN_OBJC_IMPLICIT_RETAIN_SELF = YES;
				CLANG_WARN_OBJC_LITERAL_CONVERSION = YES;
				CLANG_WARN_OBJC_ROOT_CLASS = YES_ERROR;
				CLANG_WARN_QUOTED_INCLUDE_IN_FRAMEWORK_HEADER = YES;
				CLANG_WARN_RANGE_LOOP_ANALYSIS = YES;
				CLANG_WARN_STRICT_PROTOTYPES = YES;
				CLANG_WARN_SUSPICIOUS_MOVE = YES;
				CLANG_WARN_UNGUARDED_AVAILABILITY = YES_AGGRESSIVE;
				CLANG_WARN_UNREACHABLE_CODE = YES;
				CLANG_WARN__DUPLICATE_METHOD_MATCH = YES;
				COPY_PHASE_STRIP = NO;
				DEBUG_INFORMATION_FORMAT = dwarf;
				ENABLE_STRICT_OBJC_MSGSEND = YES;
				ENABLE_TESTABILITY = YES;
				GCC_C_LANGUAGE_STANDARD = gnu11;
				GCC_DYNAMIC_NO_PIC = NO;
				GCC_NO_COMMON_BLOCKS = YES;
				GCC_OPTIMIZATION_LEVEL = 0;
				GCC_PREPROCESSOR_DEFINITIONS = (
					"DEBUG=1",
					"$(inherited)",
				);
				GCC_WARN_64_TO_32_BIT_CONVERSION = YES;
				GCC_WARN_ABOUT_RETURN_TYPE = YES_ERROR;
				GCC_WARN_UNDECLARED_SELECTOR = YES;
				GCC_WARN_UNINITIALIZED_AUTOS = YES_AGGRESSIVE;
				GCC_WARN_UNUSED_FUNCTION = YES;
				GCC_WARN_UNUSED_VARIABLE = YES;
				IPHONEOS_DEPLOYMENT_TARGET = 15.0;
				MTL_ENABLE_DEBUG_INFO = INCLUDE_SOURCE;
				MTL_FAST_MATH = YES;
				ONLY_ACTIVE_ARCH = YES;
				SDKROOT = iphoneos;
				SWIFT_ACTIVE_COMPILATION_CONDITIONS = DEBUG;
				SWIFT_OPTIMIZATION_LEVEL = "-Onone";
			};
			name = Debug;
		};
		6F05CD1127BE826600C9F519 /* Release */ = {
			isa = XCBuildConfiguration;
			buildSettings = {
				ALWAYS_SEARCH_USER_PATHS = NO;
				CLANG_ANALYZER_NONNULL = YES;
				CLANG_ANALYZER_NUMBER_OBJECT_CONVERSION = YES_AGGRESSIVE;
				CLANG_CXX_LANGUAGE_STANDARD = "gnu++17";
				CLANG_CXX_LIBRARY = "libc++";
				CLANG_ENABLE_MODULES = YES;
				CLANG_ENABLE_OBJC_ARC = YES;
				CLANG_ENABLE_OBJC_WEAK = YES;
				CLANG_WARN_BLOCK_CAPTURE_AUTORELEASING = YES;
				CLANG_WARN_BOOL_CONVERSION = YES;
				CLANG_WARN_COMMA = YES;
				CLANG_WARN_CONSTANT_CONVERSION = YES;
				CLANG_WARN_DEPRECATED_OBJC_IMPLEMENTATIONS = YES;
				CLANG_WARN_DIRECT_OBJC_ISA_USAGE = YES_ERROR;
				CLANG_WARN_DOCUMENTATION_COMMENTS = YES;
				CLANG_WARN_EMPTY_BODY = YES;
				CLANG_WARN_ENUM_CONVERSION = YES;
				CLANG_WARN_INFINITE_RECURSION = YES;
				CLANG_WARN_INT_CONVERSION = YES;
				CLANG_WARN_NON_LITERAL_NULL_CONVERSION = YES;
				CLANG_WARN_OBJC_IMPLICIT_RETAIN_SELF = YES;
				CLANG_WARN_OBJC_LITERAL_CONVERSION = YES;
				CLANG_WARN_OBJC_ROOT_CLASS = YES_ERROR;
				CLANG_WARN_QUOTED_INCLUDE_IN_FRAMEWORK_HEADER = YES;
				CLANG_WARN_RANGE_LOOP_ANALYSIS = YES;
				CLANG_WARN_STRICT_PROTOTYPES = YES;
				CLANG_WARN_SUSPICIOUS_MOVE = YES;
				CLANG_WARN_UNGUARDED_AVAILABILITY = YES_AGGRESSIVE;
				CLANG_WARN_UNREACHABLE_CODE = YES;
				CLANG_WARN__DUPLICATE_METHOD_MATCH = YES;
				COPY_PHASE_STRIP = NO;
				DEBUG_INFORMATION_FORMAT = "dwarf-with-dsym";
				ENABLE_NS_ASSERTIONS = NO;
				ENABLE_STRICT_OBJC_MSGSEND = YES;
				GCC_C_LANGUAGE_STANDARD = gnu11;
				GCC_NO_COMMON_BLOCKS = YES;
				GCC_WARN_64_TO_32_BIT_CONVERSION = YES;
				GCC_WARN_ABOUT_RETURN_TYPE = YES_ERROR;
				GCC_WARN_UNDECLARED_SELECTOR = YES;
				GCC_WARN_UNINITIALIZED_AUTOS = YES_AGGRESSIVE;
				GCC_WARN_UNUSED_FUNCTION = YES;
				GCC_WARN_UNUSED_VARIABLE = YES;
				IPHONEOS_DEPLOYMENT_TARGET = 15.0;
				MTL_ENABLE_DEBUG_INFO = NO;
				MTL_FAST_MATH = YES;
				SDKROOT = iphoneos;
				SWIFT_COMPILATION_MODE = wholemodule;
				SWIFT_OPTIMIZATION_LEVEL = "-O";
				VALIDATE_PRODUCT = YES;
			};
			name = Release;
		};
		6F05CD1327BE826600C9F519 /* Debug */ = {
			isa = XCBuildConfiguration;
			buildSettings = {
				ASSETCATALOG_COMPILER_APPICON_NAME = AppIcon;
				ASSETCATALOG_COMPILER_GLOBAL_ACCENT_COLOR_NAME = AccentColor;
				CODE_SIGN_IDENTITY = "Apple Development";
				CODE_SIGN_STYLE = Automatic;
				CURRENT_PROJECT_VERSION = 1;
				DEVELOPMENT_ASSET_PATHS = "\"PMS/Preview Content\"";
				DEVELOPMENT_TEAM = PX23DLMKVZ;
				ENABLE_PREVIEWS = YES;
				GENERATE_INFOPLIST_FILE = YES;
				INFOPLIST_KEY_UIApplicationSceneManifest_Generation = YES;
				INFOPLIST_KEY_UIApplicationSupportsIndirectInputEvents = YES;
				INFOPLIST_KEY_UILaunchScreen_Generation = YES;
				INFOPLIST_KEY_UISupportedInterfaceOrientations_iPad = "UIInterfaceOrientationPortrait UIInterfaceOrientationPortraitUpsideDown UIInterfaceOrientationLandscapeLeft UIInterfaceOrientationLandscapeRight";
				INFOPLIST_KEY_UISupportedInterfaceOrientations_iPhone = "UIInterfaceOrientationPortrait UIInterfaceOrientationLandscapeLeft UIInterfaceOrientationLandscapeRight";
				LD_RUNPATH_SEARCH_PATHS = (
					"$(inherited)",
					"@executable_path/Frameworks",
				);
				MARKETING_VERSION = 1.0;
				PRODUCT_BUNDLE_IDENTIFIER = "PolytechIG4-FLAGEUL-DAVILA.PMS";
				PRODUCT_NAME = "$(TARGET_NAME)";
				PROVISIONING_PROFILE_SPECIFIER = "";
				SWIFT_EMIT_LOC_STRINGS = YES;
				SWIFT_VERSION = 5.0;
				TARGETED_DEVICE_FAMILY = "1,2";
			};
			name = Debug;
		};
		6F05CD1427BE826600C9F519 /* Release */ = {
			isa = XCBuildConfiguration;
			buildSettings = {
				ASSETCATALOG_COMPILER_APPICON_NAME = AppIcon;
				ASSETCATALOG_COMPILER_GLOBAL_ACCENT_COLOR_NAME = AccentColor;
				CODE_SIGN_IDENTITY = "Apple Development";
				CODE_SIGN_STYLE = Automatic;
				CURRENT_PROJECT_VERSION = 1;
				DEVELOPMENT_ASSET_PATHS = "\"PMS/Preview Content\"";
				DEVELOPMENT_TEAM = PX23DLMKVZ;
				ENABLE_PREVIEWS = YES;
				GENERATE_INFOPLIST_FILE = YES;
				INFOPLIST_KEY_UIApplicationSceneManifest_Generation = YES;
				INFOPLIST_KEY_UIApplicationSupportsIndirectInputEvents = YES;
				INFOPLIST_KEY_UILaunchScreen_Generation = YES;
				INFOPLIST_KEY_UISupportedInterfaceOrientations_iPad = "UIInterfaceOrientationPortrait UIInterfaceOrientationPortraitUpsideDown UIInterfaceOrientationLandscapeLeft UIInterfaceOrientationLandscapeRight";
				INFOPLIST_KEY_UISupportedInterfaceOrientations_iPhone = "UIInterfaceOrientationPortrait UIInterfaceOrientationLandscapeLeft UIInterfaceOrientationLandscapeRight";
				LD_RUNPATH_SEARCH_PATHS = (
					"$(inherited)",
					"@executable_path/Frameworks",
				);
				MARKETING_VERSION = 1.0;
				PRODUCT_BUNDLE_IDENTIFIER = "PolytechIG4-FLAGEUL-DAVILA.PMS";
				PRODUCT_NAME = "$(TARGET_NAME)";
				PROVISIONING_PROFILE_SPECIFIER = "";
				SWIFT_EMIT_LOC_STRINGS = YES;
				SWIFT_VERSION = 5.0;
				TARGETED_DEVICE_FAMILY = "1,2";
			};
			name = Release;
		};
		6F05CD1627BE826600C9F519 /* Debug */ = {
			isa = XCBuildConfiguration;
			buildSettings = {
				ALWAYS_EMBED_SWIFT_STANDARD_LIBRARIES = YES;
				BUNDLE_LOADER = "$(TEST_HOST)";
				CODE_SIGN_STYLE = Automatic;
				CURRENT_PROJECT_VERSION = 1;
				GENERATE_INFOPLIST_FILE = YES;
				IPHONEOS_DEPLOYMENT_TARGET = 15.0;
				LD_RUNPATH_SEARCH_PATHS = (
					"$(inherited)",
					"@executable_path/Frameworks",
					"@loader_path/Frameworks",
				);
				MARKETING_VERSION = 1.0;
				PRODUCT_BUNDLE_IDENTIFIER = "PolytechIG4-FLAGEUL-DAVILA.PMSTests";
				PRODUCT_NAME = "$(TARGET_NAME)";
				SWIFT_EMIT_LOC_STRINGS = NO;
				SWIFT_VERSION = 5.0;
				TARGETED_DEVICE_FAMILY = "1,2";
				TEST_HOST = "$(BUILT_PRODUCTS_DIR)/PMS.app/PMS";
			};
			name = Debug;
		};
		6F05CD1727BE826600C9F519 /* Release */ = {
			isa = XCBuildConfiguration;
			buildSettings = {
				ALWAYS_EMBED_SWIFT_STANDARD_LIBRARIES = YES;
				BUNDLE_LOADER = "$(TEST_HOST)";
				CODE_SIGN_STYLE = Automatic;
				CURRENT_PROJECT_VERSION = 1;
				GENERATE_INFOPLIST_FILE = YES;
				IPHONEOS_DEPLOYMENT_TARGET = 15.0;
				LD_RUNPATH_SEARCH_PATHS = (
					"$(inherited)",
					"@executable_path/Frameworks",
					"@loader_path/Frameworks",
				);
				MARKETING_VERSION = 1.0;
				PRODUCT_BUNDLE_IDENTIFIER = "PolytechIG4-FLAGEUL-DAVILA.PMSTests";
				PRODUCT_NAME = "$(TARGET_NAME)";
				SWIFT_EMIT_LOC_STRINGS = NO;
				SWIFT_VERSION = 5.0;
				TARGETED_DEVICE_FAMILY = "1,2";
				TEST_HOST = "$(BUILT_PRODUCTS_DIR)/PMS.app/PMS";
			};
			name = Release;
		};
		6F05CD1927BE826600C9F519 /* Debug */ = {
			isa = XCBuildConfiguration;
			buildSettings = {
				ALWAYS_EMBED_SWIFT_STANDARD_LIBRARIES = YES;
				CODE_SIGN_STYLE = Automatic;
				CURRENT_PROJECT_VERSION = 1;
				GENERATE_INFOPLIST_FILE = YES;
				LD_RUNPATH_SEARCH_PATHS = (
					"$(inherited)",
					"@executable_path/Frameworks",
					"@loader_path/Frameworks",
				);
				MARKETING_VERSION = 1.0;
				PRODUCT_BUNDLE_IDENTIFIER = "PolytechIG4-FLAGEUL-DAVILA.PMSUITests";
				PRODUCT_NAME = "$(TARGET_NAME)";
				SWIFT_EMIT_LOC_STRINGS = NO;
				SWIFT_VERSION = 5.0;
				TARGETED_DEVICE_FAMILY = "1,2";
				TEST_TARGET_NAME = PMS;
			};
			name = Debug;
		};
		6F05CD1A27BE826600C9F519 /* Release */ = {
			isa = XCBuildConfiguration;
			buildSettings = {
				ALWAYS_EMBED_SWIFT_STANDARD_LIBRARIES = YES;
				CODE_SIGN_STYLE = Automatic;
				CURRENT_PROJECT_VERSION = 1;
				GENERATE_INFOPLIST_FILE = YES;
				LD_RUNPATH_SEARCH_PATHS = (
					"$(inherited)",
					"@executable_path/Frameworks",
					"@loader_path/Frameworks",
				);
				MARKETING_VERSION = 1.0;
				PRODUCT_BUNDLE_IDENTIFIER = "PolytechIG4-FLAGEUL-DAVILA.PMSUITests";
				PRODUCT_NAME = "$(TARGET_NAME)";
				SWIFT_EMIT_LOC_STRINGS = NO;
				SWIFT_VERSION = 5.0;
				TARGETED_DEVICE_FAMILY = "1,2";
				TEST_TARGET_NAME = PMS;
			};
			name = Release;
		};
/* End XCBuildConfiguration section */

/* Begin XCConfigurationList section */
		6F05CCE927BE826500C9F519 /* Build configuration list for PBXProject "PMS" */ = {
			isa = XCConfigurationList;
			buildConfigurations = (
				6F05CD1027BE826600C9F519 /* Debug */,
				6F05CD1127BE826600C9F519 /* Release */,
			);
			defaultConfigurationIsVisible = 0;
			defaultConfigurationName = Release;
		};
		6F05CD1227BE826600C9F519 /* Build configuration list for PBXNativeTarget "PMS" */ = {
			isa = XCConfigurationList;
			buildConfigurations = (
				6F05CD1327BE826600C9F519 /* Debug */,
				6F05CD1427BE826600C9F519 /* Release */,
			);
			defaultConfigurationIsVisible = 0;
			defaultConfigurationName = Release;
		};
		6F05CD1527BE826600C9F519 /* Build configuration list for PBXNativeTarget "PMSTests" */ = {
			isa = XCConfigurationList;
			buildConfigurations = (
				6F05CD1627BE826600C9F519 /* Debug */,
				6F05CD1727BE826600C9F519 /* Release */,
			);
			defaultConfigurationIsVisible = 0;
			defaultConfigurationName = Release;
		};
		6F05CD1827BE826600C9F519 /* Build configuration list for PBXNativeTarget "PMSUITests" */ = {
			isa = XCConfigurationList;
			buildConfigurations = (
				6F05CD1927BE826600C9F519 /* Debug */,
				6F05CD1A27BE826600C9F519 /* Release */,
			);
			defaultConfigurationIsVisible = 0;
			defaultConfigurationName = Release;
		};
/* End XCConfigurationList section */

/* Begin XCRemoteSwiftPackageReference section */
		6FA6B95427C292FD000F2D21 /* XCRemoteSwiftPackageReference "firebase-ios-sdk" */ = {
			isa = XCRemoteSwiftPackageReference;
			repositoryURL = "https://github.com/firebase/firebase-ios-sdk";
			requirement = {
				kind = upToNextMajorVersion;
				minimumVersion = 8.0.0;
			};
		};
/* End XCRemoteSwiftPackageReference section */

/* Begin XCSwiftPackageProductDependency section */
		6FA6B95527C292FD000F2D21 /* FirebaseFirestore */ = {
			isa = XCSwiftPackageProductDependency;
			package = 6FA6B95427C292FD000F2D21 /* XCRemoteSwiftPackageReference "firebase-ios-sdk" */;
			productName = FirebaseFirestore;
		};
		6FA6B95727C292FD000F2D21 /* FirebaseFirestoreSwift-Beta */ = {
			isa = XCSwiftPackageProductDependency;
			package = 6FA6B95427C292FD000F2D21 /* XCRemoteSwiftPackageReference "firebase-ios-sdk" */;
			productName = "FirebaseFirestoreSwift-Beta";
		};
/* End XCSwiftPackageProductDependency section */
	};
	rootObject = 6F05CCE627BE826500C9F519 /* Project object */;
}
